
Microsoft Visual Studio Solution File, Format Version 12.00
# Visual Studio Version 17
VisualStudioVersion = 17.10.35013.160
MinimumVisualStudioVersion = 10.0.40219.1
Project("{FAE04EC0-301F-11D3-BF4B-00C04F79EFBC}") = "Convertisseur-Temperature", "Convertisseur-Temperature.csproj", "{F23B20FC-BA41-4404-918C-F6B3B49E3D9A}"
EndProject
Global
	GlobalSection(SolutionConfigurationPlatforms) = preSolution
		Debug|Any CPU = Debug|Any CPU
		Release|Any CPU = Release|Any CPU
	EndGlobalSection
	GlobalSection(ProjectConfigurationPlatforms) = postSolution
		{F23B20FC-BA41-4404-918C-F6B3B49E3D9A}.Debug|Any CPU.ActiveCfg = Debug|Any CPU
		{F23B20FC-BA41-4404-918C-F6B3B49E3D9A}.Debug|Any CPU.Build.0 = Debug|Any CPU
		{F23B20FC-BA41-4404-918C-F6B3B49E3D9A}.Release|Any CPU.ActiveCfg = Release|Any CPU
		{F23B20FC-BA41-4404-918C-F6B3B49E3D9A}.Release|Any CPU.Build.0 = Release|Any CPU
	EndGlobalSection
	GlobalSection(SolutionProperties) = preSolution
		HideSolutionNode = FALSE
	EndGlobalSection
	GlobalSection(ExtensibilityGlobals) = postSolution
		SolutionGuid = {9CC50237-082B-45C2-AD18-6D004F9B424F}
	EndGlobalSection
EndGlobal
